// !$*UTF8*$!
{
	archiveVersion = 1;
	classes = {
	};
	objectVersion = 77;
	objects = {

/* Begin PBXBuildFile section */
		824A40D82ED0B43500A4BCA9 /* Auth in Frameworks */ = {isa = PBXBuildFile; productRef = 824A40D72ED0B43500A4BCA9 /* Auth */; };
		824A40DC2ED0B87A00A4BCA9 /* Supabase in Frameworks */ = {isa = PBXBuildFile; productRef = 824A40DB2ED0B87A00A4BCA9 /* Supabase */; };
/* End PBXBuildFile section */

/* Begin PBXContainerItemProxy section */
		822264132ED07CB80053E036 /* PBXContainerItemProxy */ = {
			isa = PBXContainerItemProxy;
			containerPortal = 822263F92ED07CB70053E036 /* Project object */;
			proxyType = 1;
			remoteGlobalIDString = 822264002ED07CB70053E036;
			remoteInfo = "tuzi-fuke";
		};
		8222641D2ED07CB80053E036 /* PBXContainerItemProxy */ = {
			isa = PBXContainerItemProxy;
			containerPortal = 822263F92ED07CB70053E036 /* Project object */;
			proxyType = 1;
			remoteGlobalIDString = 822264002ED07CB70053E036;
			remoteInfo = "tuzi-fuke";
		};
/* End PBXContainerItemProxy section */

/* Begin PBXFileReference section */
		822264012ED07CB70053E036 /* tuzi-fuke.app */ = {isa = PBXFileReference; explicitFileType = wrapper.application; includeInIndex = 0; path = "tuzi-fuke.app"; sourceTree = BUILT_PRODUCTS_DIR; };
		822264122ED07CB80053E036 /* tuzi-fukeTests.xctest */ = {isa = PBXFileReference; explicitFileType = wrapper.cfbundle; includeInIndex = 0; path = "tuzi-fukeTests.xctest"; sourceTree = BUILT_PRODUCTS_DIR; };
		8222641C2ED07CB80053E036 /* tuzi-fukeUITests.xctest */ = {isa = PBXFileReference; explicitFileType = wrapper.cfbundle; includeInIndex = 0; path = "tuzi-fukeUITests.xctest"; sourceTree = BUILT_PRODUCTS_DIR; };
/* End PBXFileReference section */

/* Begin PBXFileSystemSynchronizedBuildFileExceptionSet section */
		822264242ED07CB80053E036 /* Exceptions for "tuzi-fuke" folder in "tuzi-fuke" target */ = {
			isa = PBXFileSystemSynchronizedBuildFileExceptionSet;
			membershipExceptions = (
				Info.plist,
			);
			target = 822264002ED07CB70053E036 /* tuzi-fuke */;
		};
/* End PBXFileSystemSynchronizedBuildFileExceptionSet section */

/* Begin PBXFileSystemSynchronizedRootGroup section */
		822264032ED07CB70053E036 /* tuzi-fuke */ = {
			isa = PBXFileSystemSynchronizedRootGroup;
			exceptions = (
				822264242ED07CB80053E036 /* Exceptions for "tuzi-fuke" folder in "tuzi-fuke" target */,
			);
			path = "tuzi-fuke";
			sourceTree = "<group>";
		};
		822264152ED07CB80053E036 /* tuzi-fukeTests */ = {
			isa = PBXFileSystemSynchronizedRootGroup;
			path = "tuzi-fukeTests";
			sourceTree = "<group>";
		};
		8222641F2ED07CB80053E036 /* tuzi-fukeUITests */ = {
			isa = PBXFileSystemSynchronizedRootGroup;
			path = "tuzi-fukeUITests";
			sourceTree = "<group>";
		};
/* End PBXFileSystemSynchronizedRootGroup section */

/* Begin PBXFrameworksBuildPhase section */
		822263FE2ED07CB70053E036 /* Frameworks */ = {
			isa = PBXFrameworksBuildPhase;
			buildActionMask = 2147483647;
			files = (
				824A40DC2ED0B87A00A4BCA9 /* Supabase in Frameworks */,
				824A40D82ED0B43500A4BCA9 /* Auth in Frameworks */,
			);
			runOnlyForDeploymentPostprocessing = 0;
		};
		8222640F2ED07CB80053E036 /* Frameworks */ = {
			isa = PBXFrameworksBuildPhase;
			buildActionMask = 2147483647;
			files = (
			);
			runOnlyForDeploymentPostprocessing = 0;
		};
		822264192ED07CB80053E036 /* Frameworks */ = {
			isa = PBXFrameworksBuildPhase;
			buildActionMask = 2147483647;
			files = (
			);
			runOnlyForDeploymentPostprocessing = 0;
		};
/* End PBXFrameworksBuildPhase section */

/* Begin PBXGroup section */
		822263F82ED07CB70053E036 = {
			isa = PBXGroup;
			children = (
				822264032ED07CB70053E036 /* tuzi-fuke */,
				822264152ED07CB80053E036 /* tuzi-fukeTests */,
				8222641F2ED07CB80053E036 /* tuzi-fukeUITests */,
				822264022ED07CB70053E036 /* Products */,
			);
			sourceTree = "<group>";
		};
		822264022ED07CB70053E036 /* Products */ = {
			isa = PBXGroup;
			children = (
				822264012ED07CB70053E036 /* tuzi-fuke.app */,
				822264122ED07CB80053E036 /* tuzi-fukeTests.xctest */,
				8222641C2ED07CB80053E036 /* tuzi-fukeUITests.xctest */,
			);
			name = Products;
			sourceTree = "<group>";
		};
/* End PBXGroup section */

/* Begin PBXNativeTarget section */
		822264002ED07CB70053E036 /* tuzi-fuke */ = {
			isa = PBXNativeTarget;
			buildConfigurationList = 822264252ED07CB80053E036 /* Build configuration list for PBXNativeTarget "tuzi-fuke" */;
			buildPhases = (
				822263FD2ED07CB70053E036 /* Sources */,
				822263FE2ED07CB70053E036 /* Frameworks */,
				822263FF2ED07CB70053E036 /* Resources */,
			);
			buildRules = (
			);
			dependencies = (
			);
			fileSystemSynchronizedGroups = (
				822264032ED07CB70053E036 /* tuzi-fuke */,
			);
			name = "tuzi-fuke";
			packageProductDependencies = (
				824A40D72ED0B43500A4BCA9 /* Auth */,
				824A40DB2ED0B87A00A4BCA9 /* Supabase */,
			);
			productName = "tuzi-fuke";
			productReference = 822264012ED07CB70053E036 /* tuzi-fuke.app */;
			productType = "com.apple.product-type.application";
		};
		822264112ED07CB80053E036 /* tuzi-fukeTests */ = {
			isa = PBXNativeTarget;
			buildConfigurationList = 8222642A2ED07CB80053E036 /* Build configuration list for PBXNativeTarget "tuzi-fukeTests" */;
			buildPhases = (
				8222640E2ED07CB80053E036 /* Sources */,
				8222640F2ED07CB80053E036 /* Frameworks */,
				822264102ED07CB80053E036 /* Resources */,
			);
			buildRules = (
			);
			dependencies = (
				822264142ED07CB80053E036 /* PBXTargetDependency */,
			);
			fileSystemSynchronizedGroups = (
				822264152ED07CB80053E036 /* tuzi-fukeTests */,
			);
			name = "tuzi-fukeTests";
			packageProductDependencies = (
			);
			productName = "tuzi-fukeTests";
			productReference = 822264122ED07CB80053E036 /* tuzi-fukeTests.xctest */;
			productType = "com.apple.product-type.bundle.unit-test";
		};
		8222641B2ED07CB80053E036 /* tuzi-fukeUITests */ = {
			isa = PBXNativeTarget;
			buildConfigurationList = 8222642D2ED07CB80053E036 /* Build configuration list for PBXNativeTarget "tuzi-fukeUITests" */;
			buildPhases = (
				822264182ED07CB80053E036 /* Sources */,
				822264192ED07CB80053E036 /* Frameworks */,
				8222641A2ED07CB80053E036 /* Resources */,
			);
			buildRules = (
			);
			dependencies = (
				8222641E2ED07CB80053E036 /* PBXTargetDependency */,
			);
			fileSystemSynchronizedGroups = (
				8222641F2ED07CB80053E036 /* tuzi-fukeUITests */,
			);
			name = "tuzi-fukeUITests";
			packageProductDependencies = (
			);
			productName = "tuzi-fukeUITests";
			productReference = 8222641C2ED07CB80053E036 /* tuzi-fukeUITests.xctest */;
			productType = "com.apple.product-type.bundle.ui-testing";
		};
/* End PBXNativeTarget section */

/* Begin PBXProject section */
		822263F92ED07CB70053E036 /* Project object */ = {
			isa = PBXProject;
			attributes = {
				BuildIndependentTargetsInParallel = 1;
				LastSwiftUpdateCheck = 2610;
				LastUpgradeCheck = 2610;
				TargetAttributes = {
					822264002ED07CB70053E036 = {
						CreatedOnToolsVersion = 26.1;
					};
					822264112ED07CB80053E036 = {
						CreatedOnToolsVersion = 26.1;
						TestTargetID = 822264002ED07CB70053E036;
					};
					8222641B2ED07CB80053E036 = {
						CreatedOnToolsVersion = 26.1;
						TestTargetID = 822264002ED07CB70053E036;
					};
				};
			};
			buildConfigurationList = 822263FC2ED07CB70053E036 /* Build configuration list for PBXProject "tuzi-fuke" */;
			developmentRegion = en;
			hasScannedForEncodings = 0;
			knownRegions = (
				en,
				Base,
			);
			mainGroup = 822263F82ED07CB70053E036;
			minimizedProjectReferenceProxies = 1;
			packageReferences = (
				824A40D62ED0B43500A4BCA9 /* XCRemoteSwiftPackageReference "supabase-swift" */,
			);
			preferredProjectObjectVersion = 77;
			productRefGroup = 822264022ED07CB70053E036 /* Products */;
			projectDirPath = "";
			projectRoot = "";
			targets = (
				822264002ED07CB70053E036 /* tuzi-fuke */,
				822264112ED07CB80053E036 /* tuzi-fukeTests */,
				8222641B2ED07CB80053E036 /* tuzi-fukeUITests */,
			);
		};
/* End PBXProject section */

/* Begin PBXResourcesBuildPhase section */
		822263FF2ED07CB70053E036 /* Resources */ = {
			isa = PBXResourcesBuildPhase;
			buildActionMask = 2147483647;
			files = (
			);
			runOnlyForDeploymentPostprocessing = 0;
		};
		822264102ED07CB80053E036 /* Resources */ = {
			isa = PBXResourcesBuildPhase;
			buildActionMask = 2147483647;
			files = (
			);
			runOnlyForDeploymentPostprocessing = 0;
		};
		8222641A2ED07CB80053E036 /* Resources */ = {
			isa = PBXResourcesBuildPhase;
			buildActionMask = 2147483647;
			files = (
			);
			runOnlyForDeploymentPostprocessing = 0;
		};
/* End PBXResourcesBuildPhase section */

/* Begin PBXSourcesBuildPhase section */
		822263FD2ED07CB70053E036 /* Sources */ = {
			isa = PBXSourcesBuildPhase;
			buildActionMask = 2147483647;
			files = (
			);
			runOnlyForDeploymentPostprocessing = 0;
		};
		8222640E2ED07CB80053E036 /* Sources */ = {
			isa = PBXSourcesBuildPhase;
			buildActionMask = 2147483647;
			files = (
			);
			runOnlyForDeploymentPostprocessing = 0;
		};
		822264182ED07CB80053E036 /* Sources */ = {
			isa = PBXSourcesBuildPhase;
			buildActionMask = 2147483647;
			files = (
			);
			runOnlyForDeploymentPostprocessing = 0;
		};
/* End PBXSourcesBuildPhase section */

/* Begin PBXTargetDependency section */
		822264142ED07CB80053E036 /* PBXTargetDependency */ = {
			isa = PBXTargetDependency;
			target = 822264002ED07CB70053E036 /* tuzi-fuke */;
			targetProxy = 822264132ED07CB80053E036 /* PBXContainerItemProxy */;
		};
		8222641E2ED07CB80053E036 /* PBXTargetDependency */ = {
			isa = PBXTargetDependency;
			target = 822264002ED07CB70053E036 /* tuzi-fuke */;
			targetProxy = 8222641D2ED07CB80053E036 /* PBXContainerItemProxy */;
		};
/* End PBXTargetDependency section */

/* Begin XCBuildConfiguration section */
		822264262ED07CB80053E036 /* Debug */ = {
			isa = XCBuildConfiguration;
			buildSettings = {
				ASSETCATALOG_COMPILER_APPICON_NAME = AppIcon;
				ASSETCATALOG_COMPILER_GLOBAL_ACCENT_COLOR_NAME = AccentColor;
				CODE_SIGN_ENTITLEMENTS = "tuzi-fuke/tuzi_fuke.entitlements";
				CODE_SIGN_STYLE = Automatic;
				CURRENT_PROJECT_VERSION = 1;
				DEVELOPMENT_TEAM = 7UDUX5663M;
				ENABLE_PREVIEWS = YES;
				GENERATE_INFOPLIST_FILE = YES;
				INFOPLIST_FILE = "tuzi-fuke/Info.plist";
				INFOPLIST_KEY_UIApplicationSceneManifest_Generation = YES;
				INFOPLIST_KEY_UIApplicationSupportsIndirectInputEvents = YES;
				INFOPLIST_KEY_UILaunchScreen_Generation = YES;
				INFOPLIST_KEY_UISupportedInterfaceOrientations_iPad = "UIInterfaceOrientationPortrait UIInterfaceOrientationPortraitUpsideDown UIInterfaceOrientationLandscapeLeft UIInterfaceOrientationLandscapeRight";
				INFOPLIST_KEY_UISupportedInterfaceOrientations_iPhone = "UIInterfaceOrientationPortrait UIInterfaceOrientationLandscapeLeft UIInterfaceOrientationLandscapeRight";
				LD_RUNPATH_SEARCH_PATHS = (
					"$(inherited)",
					"@executable_path/Frameworks",
				);
				MARKETING_VERSION = 1.0;
				PRODUCT_BUNDLE_IDENTIFIER = "com.xljy.tuzi-fuke.building";
				PRODUCT_NAME = "$(TARGET_NAME)";
				STRING_CATALOG_GENERATE_SYMBOLS = YES;
				SWIFT_APPROACHABLE_CONCURRENCY = YES;
				SWIFT_DEFAULT_ACTOR_ISOLATION = MainActor;
				SWIFT_EMIT_LOC_STRINGS = YES;
				SWIFT_UPCOMING_FEATURE_MEMBER_IMPORT_VISIBILITY = YES;
				SWIFT_VERSION = 5.0;
				TARGETED_DEVICE_FAMILY = "1,2";
			};
			name = Debug;
		};
		822264272ED07CB80053E036 /* Release */ = {
			isa = XCBuildConfiguration;
			buildSettings = {
				ASSETCATALOG_COMPILER_APPICON_NAME = AppIcon;
				ASSETCATALOG_COMPILER_GLOBAL_ACCENT_COLOR_NAME = AccentColor;
				CODE_SIGN_ENTITLEMENTS = "tuzi-fuke/tuzi_fuke.entitlements";
				CODE_SIGN_STYLE = Automatic;
				CURRENT_PROJECT_VERSION = 1;
				DEVELOPMENT_TEAM = 7UDUX5663M;
				ENABLE_PREVIEWS = YES;
				GENERATE_INFOPLIST_FILE = YES;
				INFOPLIST_FILE = "tuzi-fuke/Info.plist";
				INFOPLIST_KEY_UIApplicationSceneManifest_Generation = YES;
				INFOPLIST_KEY_UIApplicationSupportsIndirectInputEvents = YES;
				INFOPLIST_KEY_UILaunchScreen_Generation = YES;
				INFOPLIST_KEY_UISupportedInterfaceOrientations_iPad = "UIInterfaceOrientationPortrait UIInterfaceOrientationPortraitUpsideDown UIInterfaceOrientationLandscapeLeft UIInterfaceOrientationLandscapeRight";
				INFOPLIST_KEY_UISupportedInterfaceOrientations_iPhone = "UIInterfaceOrientationPortrait UIInterfaceOrientationLandscapeLeft UIInterfaceOrientationLandscapeRight";
				LD_RUNPATH_SEARCH_PATHS = (
					"$(inherited)",
					"@executable_path/Frameworks",
				);
				MARKETING_VERSION = 1.0;
				PRODUCT_BUNDLE_IDENTIFIER = "com.xljy.tuzi-fuke.building";
				PRODUCT_NAME = "$(TARGET_NAME)";
				STRING_CATALOG_GENERATE_SYMBOLS = YES;
				SWIFT_APPROACHABLE_CONCURRENCY = YES;
				SWIFT_DEFAULT_ACTOR_ISOLATION = MainActor;
				SWIFT_EMIT_LOC_STRINGS = YES;
				SWIFT_UPCOMING_FEATURE_MEMBER_IMPORT_VISIBILITY = YES;
				SWIFT_VERSION = 5.0;
				TARGETED_DEVICE_FAMILY = "1,2";
			};
			name = Release;
		};
		822264282ED07CB80053E036 /* Debug */ = {
			isa = XCBuildConfiguration;
			buildSettings = {
				ALWAYS_SEARCH_USER_PATHS = NO;
				ASSETCATALOG_COMPILER_GENERATE_SWIFT_ASSET_SYMBOL_EXTENSIONS = YES;
				CLANG_ANALYZER_NONNULL = YES;
				CLANG_ANALYZER_NUMBER_OBJECT_CONVERSION = YES_AGGRESSIVE;
				CLANG_CXX_LANGUAGE_STANDARD = "gnu++20";
				CLANG_ENABLE_MODULES = YES;
				CLANG_ENABLE_OBJC_ARC = YES;
				CLANG_ENABLE_OBJC_WEAK = YES;
				CLANG_WARN_BLOCK_CAPTURE_AUTORELEASING = YES;
				CLANG_WARN_BOOL_CONVERSION = YES;
				CLANG_WARN_COMMA = YES;
				CLANG_WARN_CONSTANT_CONVERSION = YES;
				CLANG_WARN_DEPRECATED_OBJC_IMPLEMENTATIONS = YES;
				CLANG_WARN_DIRECT_OBJC_ISA_USAGE = YES_ERROR;
				CLANG_WARN_DOCUMENTATION_COMMENTS = YES;
				CLANG_WARN_EMPTY_BODY = YES;
				CLANG_WARN_ENUM_CONVERSION = YES;
				CLANG_WARN_INFINITE_RECURSION = YES;
				CLANG_WARN_INT_CONVERSION = YES;
				CLANG_WARN_NON_LITERAL_NULL_CONVERSION = YES;
				CLANG_WARN_OBJC_IMPLICIT_RETAIN_SELF = YES;
				CLANG_WARN_OBJC_LITERAL_CONVERSION = YES;
				CLANG_WARN_OBJC_ROOT_CLASS = YES_ERROR;
				CLANG_WARN_QUOTED_INCLUDE_IN_FRAMEWORK_HEADER = YES;
				CLANG_WARN_RANGE_LOOP_ANALYSIS = YES;
				CLANG_WARN_STRICT_PROTOTYPES = YES;
				CLANG_WARN_SUSPICIOUS_MOVE = YES;
				CLANG_WARN_UNGUARDED_AVAILABILITY = YES_AGGRESSIVE;
				CLANG_WARN_UNREACHABLE_CODE = YES;
				CLANG_WARN__DUPLICATE_METHOD_MATCH = YES;
				COPY_PHASE_STRIP = NO;
				DEBUG_INFORMATION_FORMAT = dwarf;
				DEVELOPMENT_TEAM = 7UDUX5663M;
				ENABLE_STRICT_OBJC_MSGSEND = YES;
				ENABLE_TESTABILITY = YES;
				ENABLE_USER_SCRIPT_SANDBOXING = YES;
				GCC_C_LANGUAGE_STANDARD = gnu17;
				GCC_DYNAMIC_NO_PIC = NO;
				GCC_NO_COMMON_BLOCKS = YES;
				GCC_OPTIMIZATION_LEVEL = 0;
				GCC_PREPROCESSOR_DEFINITIONS = (
					"DEBUG=1",
					"$(inherited)",
				);
				GCC_WARN_64_TO_32_BIT_CONVERSION = YES;
				GCC_WARN_ABOUT_RETURN_TYPE = YES_ERROR;
				GCC_WARN_UNDECLARED_SELECTOR = YES;
				GCC_WARN_UNINITIALIZED_AUTOS = YES_AGGRESSIVE;
				GCC_WARN_UNUSED_FUNCTION = YES;
				GCC_WARN_UNUSED_VARIABLE = YES;
				IPHONEOS_DEPLOYMENT_TARGET = 17.0;
				LOCALIZATION_PREFERS_STRING_CATALOGS = YES;
				MTL_ENABLE_DEBUG_INFO = INCLUDE_SOURCE;
				MTL_FAST_MATH = YES;
				ONLY_ACTIVE_ARCH = YES;
				SDKROOT = iphoneos;
				SWIFT_ACTIVE_COMPILATION_CONDITIONS = "DEBUG $(inherited)";
				SWIFT_OPTIMIZATION_LEVEL = "-Onone";
			};
			name = Debug;
		};
		822264292ED07CB80053E036 /* Release */ = {
			isa = XCBuildConfiguration;
			buildSettings = {
				ALWAYS_SEARCH_USER_PATHS = NO;
				ASSETCATALOG_COMPILER_GENERATE_SWIFT_ASSET_SYMBOL_EXTENSIONS = YES;
				CLANG_ANALYZER_NONNULL = YES;
				CLANG_ANALYZER_NUMBER_OBJECT_CONVERSION = YES_AGGRESSIVE;
				CLANG_CXX_LANGUAGE_STANDARD = "gnu++20";
				CLANG_ENABLE_MODULES = YES;
				CLANG_ENABLE_OBJC_ARC = YES;
				CLANG_ENABLE_OBJC_WEAK = YES;
				CLANG_WARN_BLOCK_CAPTURE_AUTORELEASING = YES;
				CLANG_WARN_BOOL_CONVERSION = YES;
				CLANG_WARN_COMMA = YES;
				CLANG_WARN_CONSTANT_CONVERSION = YES;
				CLANG_WARN_DEPRECATED_OBJC_IMPLEMENTATIONS = YES;
				CLANG_WARN_DIRECT_OBJC_ISA_USAGE = YES_ERROR;
				CLANG_WARN_DOCUMENTATION_COMMENTS = YES;
				CLANG_WARN_EMPTY_BODY = YES;
				CLANG_WARN_ENUM_CONVERSION = YES;
				CLANG_WARN_INFINITE_RECURSION = YES;
				CLANG_WARN_INT_CONVERSION = YES;
				CLANG_WARN_NON_LITERAL_NULL_CONVERSION = YES;
				CLANG_WARN_OBJC_IMPLICIT_RETAIN_SELF = YES;
				CLANG_WARN_OBJC_LITERAL_CONVERSION = YES;
				CLANG_WARN_OBJC_ROOT_CLASS = YES_ERROR;
				CLANG_WARN_QUOTED_INCLUDE_IN_FRAMEWORK_HEADER = YES;
				CLANG_WARN_RANGE_LOOP_ANALYSIS = YES;
				CLANG_WARN_STRICT_PROTOTYPES = YES;
				CLANG_WARN_SUSPICIOUS_MOVE = YES;
				CLANG_WARN_UNGUARDED_AVAILABILITY = YES_AGGRESSIVE;
				CLANG_WARN_UNREACHABLE_CODE = YES;
				CLANG_WARN__DUPLICATE_METHOD_MATCH = YES;
				COPY_PHASE_STRIP = NO;
				DEBUG_INFORMATION_FORMAT = "dwarf-with-dsym";
				DEVELOPMENT_TEAM = 7UDUX5663M;
				ENABLE_NS_ASSERTIONS = NO;
				ENABLE_STRICT_OBJC_MSGSEND = YES;
				ENABLE_USER_SCRIPT_SANDBOXING = YES;
				GCC_C_LANGUAGE_STANDARD = gnu17;
				GCC_NO_COMMON_BLOCKS = YES;
				GCC_WARN_64_TO_32_BIT_CONVERSION = YES;
				GCC_WARN_ABOUT_RETURN_TYPE = YES_ERROR;
				GCC_WARN_UNDECLARED_SELECTOR = YES;
				GCC_WARN_UNINITIALIZED_AUTOS = YES_AGGRESSIVE;
				GCC_WARN_UNUSED_FUNCTION = YES;
				GCC_WARN_UNUSED_VARIABLE = YES;
				IPHONEOS_DEPLOYMENT_TARGET = 17.0;
				LOCALIZATION_PREFERS_STRING_CATALOGS = YES;
				MTL_ENABLE_DEBUG_INFO = NO;
				MTL_FAST_MATH = YES;
				SDKROOT = iphoneos;
				SWIFT_COMPILATION_MODE = wholemodule;
				VALIDATE_PRODUCT = YES;
			};
			name = Release;
		};
		8222642B2ED07CB80053E036 /* Debug */ = {
			isa = XCBuildConfiguration;
			buildSettings = {
				BUNDLE_LOADER = "$(TEST_HOST)";
				CODE_SIGN_STYLE = Automatic;
				CURRENT_PROJECT_VERSION = 1;
				DEVELOPMENT_TEAM = 7UDUX5663M;
				GENERATE_INFOPLIST_FILE = YES;
				IPHONEOS_DEPLOYMENT_TARGET = 17.0;
				MARKETING_VERSION = 1.0;
				PRODUCT_BUNDLE_IDENTIFIER = "com.xljy.tuzi-fukeTests";
				PRODUCT_NAME = "$(TARGET_NAME)";
				STRING_CATALOG_GENERATE_SYMBOLS = NO;
				SWIFT_APPROACHABLE_CONCURRENCY = YES;
				SWIFT_EMIT_LOC_STRINGS = NO;
				SWIFT_UPCOMING_FEATURE_MEMBER_IMPORT_VISIBILITY = YES;
				SWIFT_VERSION = 5.0;
				TARGETED_DEVICE_FAMILY = "1,2";
				TEST_HOST = "$(BUILT_PRODUCTS_DIR)/tuzi-fuke.app/$(BUNDLE_EXECUTABLE_FOLDER_PATH)/tuzi-fuke";
			};
			name = Debug;
		};
		8222642C2ED07CB80053E036 /* Release */ = {
			isa = XCBuildConfiguration;
			buildSettings = {
				BUNDLE_LOADER = "$(TEST_HOST)";
				CODE_SIGN_STYLE = Automatic;
				CURRENT_PROJECT_VERSION = 1;
				DEVELOPMENT_TEAM = 7UDUX5663M;
				GENERATE_INFOPLIST_FILE = YES;
				IPHONEOS_DEPLOYMENT_TARGET = 17.0;
				MARKETING_VERSION = 1.0;
				PRODUCT_BUNDLE_IDENTIFIER = "com.xljy.tuzi-fukeTests";
				PRODUCT_NAME = "$(TARGET_NAME)";
				STRING_CATALOG_GENERATE_SYMBOLS = NO;
				SWIFT_APPROACHABLE_CONCURRENCY = YES;
				SWIFT_EMIT_LOC_STRINGS = NO;
				SWIFT_UPCOMING_FEATURE_MEMBER_IMPORT_VISIBILITY = YES;
				SWIFT_VERSION = 5.0;
				TARGETED_DEVICE_FAMILY = "1,2";
				TEST_HOST = "$(BUILT_PRODUCTS_DIR)/tuzi-fuke.app/$(BUNDLE_EXECUTABLE_FOLDER_PATH)/tuzi-fuke";
			};
			name = Release;
		};
		8222642E2ED07CB80053E036 /* Debug */ = {
			isa = XCBuildConfiguration;
			buildSettings = {
				CODE_SIGN_STYLE = Automatic;
				CURRENT_PROJECT_VERSION = 1;
				DEVELOPMENT_TEAM = 7UDUX5663M;
				GENERATE_INFOPLIST_FILE = YES;
				MARKETING_VERSION = 1.0;
				PRODUCT_BUNDLE_IDENTIFIER = "com.xljy.tuzi-fukeUITests";
				PRODUCT_NAME = "$(TARGET_NAME)";
				STRING_CATALOG_GENERATE_SYMBOLS = NO;
				SWIFT_APPROACHABLE_CONCURRENCY = YES;
				SWIFT_EMIT_LOC_STRINGS = NO;
				SWIFT_UPCOMING_FEATURE_MEMBER_IMPORT_VISIBILITY = YES;
				SWIFT_VERSION = 5.0;
				TARGETED_DEVICE_FAMILY = "1,2";
				TEST_TARGET_NAME = "tuzi-fuke";
			};
			name = Debug;
		};
		8222642F2ED07CB80053E036 /* Release */ = {
			isa = XCBuildConfiguration;
			buildSettings = {
				CODE_SIGN_STYLE = Automatic;
				CURRENT_PROJECT_VERSION = 1;
				DEVELOPMENT_TEAM = 7UDUX5663M;
				GENERATE_INFOPLIST_FILE = YES;
				MARKETING_VERSION = 1.0;
				PRODUCT_BUNDLE_IDENTIFIER = "com.xljy.tuzi-fukeUITests";
				PRODUCT_NAME = "$(TARGET_NAME)";
				STRING_CATALOG_GENERATE_SYMBOLS = NO;
				SWIFT_APPROACHABLE_CONCURRENCY = YES;
				SWIFT_EMIT_LOC_STRINGS = NO;
				SWIFT_UPCOMING_FEATURE_MEMBER_IMPORT_VISIBILITY = YES;
				SWIFT_VERSION = 5.0;
				TARGETED_DEVICE_FAMILY = "1,2";
				TEST_TARGET_NAME = "tuzi-fuke";
			};
			name = Release;
		};
/* End XCBuildConfiguration section */

/* Begin XCConfigurationList section */
		822263FC2ED07CB70053E036 /* Build configuration list for PBXProject "tuzi-fuke" */ = {
			isa = XCConfigurationList;
			buildConfigurations = (
				822264282ED07CB80053E036 /* Debug */,
				822264292ED07CB80053E036 /* Release */,
			);
			defaultConfigurationIsVisible = 0;
			defaultConfigurationName = Release;
		};
		822264252ED07CB80053E036 /* Build configuration list for PBXNativeTarget "tuzi-fuke" */ = {
			isa = XCConfigurationList;
			buildConfigurations = (
				822264262ED07CB80053E036 /* Debug */,
				822264272ED07CB80053E036 /* Release */,
			);
			defaultConfigurationIsVisible = 0;
			defaultConfigurationName = Release;
		};
		8222642A2ED07CB80053E036 /* Build configuration list for PBXNativeTarget "tuzi-fukeTests" */ = {
			isa = XCConfigurationList;
			buildConfigurations = (
				8222642B2ED07CB80053E036 /* Debug */,
				8222642C2ED07CB80053E036 /* Release */,
			);
			defaultConfigurationIsVisible = 0;
			defaultConfigurationName = Release;
		};
		8222642D2ED07CB80053E036 /* Build configuration list for PBXNativeTarget "tuzi-fukeUITests" */ = {
			isa = XCConfigurationList;
			buildConfigurations = (
				8222642E2ED07CB80053E036 /* Debug */,
				8222642F2ED07CB80053E036 /* Release */,
			);
			defaultConfigurationIsVisible = 0;
			defaultConfigurationName = Release;
		};
/* End XCConfigurationList section */

/* Begin XCRemoteSwiftPackageReference section */
		824A40D62ED0B43500A4BCA9 /* XCRemoteSwiftPackageReference "supabase-swift" */ = {
			isa = XCRemoteSwiftPackageReference;
			repositoryURL = "https://github.com/supabase/supabase-swift.git";
			requirement = {
				kind = exactVersion;
				version = 2.5.1;
			};
		};
/* End XCRemoteSwiftPackageReference section */

/* Begin XCSwiftPackageProductDependency section */
		824A40D72ED0B43500A4BCA9 /* Auth */ = {
			isa = XCSwiftPackageProductDependency;
			package = 824A40D62ED0B43500A4BCA9 /* XCRemoteSwiftPackageReference "supabase-swift" */;
			productName = Auth;
		};
		824A40DB2ED0B87A00A4BCA9 /* Supabase */ = {
			isa = XCSwiftPackageProductDependency;
			package = 824A40D62ED0B43500A4BCA9 /* XCRemoteSwiftPackageReference "supabase-swift" */;
			productName = Supabase;
		};
/* End XCSwiftPackageProductDependency section */
	};
	rootObject = 822263F92ED07CB70053E036 /* Project object */;
}
